{
  "version": 4,
  "terraform_version": "1.3.10",
  "serial": 9,
  "lineage": "459d5180-9bed-2f50-2bb9-2cd3fa6b7490",
  "outputs": {},
  "resources": [
    {
      "mode": "managed",
      "type": "local_file",
      "name": "demo",
      "provider": "provider[\"registry.terraform.io/hashicorp/local\"]",
      "instances": [
        {
          "schema_version": 0,
          "attributes": {
            "content": "Explore Terraform associate",
            "content_base64": null,
            "content_base64sha256": "eCRSsCLnLLK+JRHmFQVrKuqMP6NVyA9Re6Kh4uQWoRE=",
            "content_base64sha512": "hEs3i3OxcJ+7Pa3cg9hcoLxq1rxTZ+yVmLkiXIpzjXQvCxfOZcRcV9iS61MOD35dAVsI3fTmxQYUcsRHYVaApA==",
            "content_md5": "e6240321e961f9b811c9a913ea396392",
            "content_sha1": "bcb343df9769c6ad0860f55f556ddd148ed48039",
            "content_sha256": "782452b022e72cb2be2511e615056b2aea8c3fa355c80f517ba2a1e2e416a111",
            "content_sha512": "844b378b73b1709fbb3daddc83d85ca0bc6ad6bc5367ec9598b9225c8a738d742f0b17ce65c45c57d892eb530e0f7e5d015b08ddf4e6c5061472c447615680a4",
            "directory_permission": "0777",
            "file_permission": "0777",
            "filename": "demo.txt",
            "id": "bcb343df9769c6ad0860f55f556ddd148ed48039",
            "sensitive_content": null,
            "source": null
          },
          "sensitive_attributes": []
        }
      ]
    }
  ],
  "check_results": null
}
