{
  "version": 4,
  "terraform_version": "1.3.10",
  "serial": 1,
  "lineage": "459d5180-9bed-2f50-2bb9-2cd3fa6b7490",
  "outputs": {},
  "resources": [
    {
      "mode": "managed",
      "type": "local_file",
      "name": "demo",
      "provider": "provider[\"registry.terraform.io/hashicorp/local\"]",
      "instances": [
        {
          "schema_version": 0,
          "attributes": {
            "content": "Explore Terraform",
            "content_base64": null,
            "content_base64sha256": "S0MoujwWDApkAILIq4ACmsQHvTDk1fHbijVjbT1C3wI=",
            "content_base64sha512": "1XfBgJ6LqABsnGUVJooJif2DFDNeYkv3lQgJKDpEDUotpFy/V2xy7pRkodKNvo0npd5B1fdrnIpE5fmQ5ufHZQ==",
            "content_md5": "28419f2596db9ceecd353f46c4e06b82",
            "content_sha1": "aa2c1613415faebbe86012bf3200473f8660ebfa",
            "content_sha256": "4b4328ba3c160c0a640082c8ab80029ac407bd30e4d5f1db8a35636d3d42df02",
            "content_sha512": "d577c1809e8ba8006c9c6515268a0989fd8314335e624bf7950809283a440d4a2da45cbf576c72ee9464a1d28dbe8d27a5de41d5f76b9c8a44e5f990e6e7c765",
            "directory_permission": "0777",
            "file_permission": "0777",
            "filename": "demo.txt",
            "id": "aa2c1613415faebbe86012bf3200473f8660ebfa",
            "sensitive_content": null,
            "source": null
          },
          "sensitive_attributes": []
        }
      ]
    }
  ],
  "check_results": null
}
