{
  "version": 4,
  "terraform_version": "1.3.10",
  "serial": 5,
  "lineage": "03281f11-78ec-a0e6-9364-6d9babb8859b",
  "outputs": {
    "bucket_name": {
      "value": "my-example-bucket-mj7gnewp",
      "type": "string"
    }
  },
  "resources": [
    {
      "mode": "managed",
      "type": "random_id",
      "name": "bucket_suffix",
      "provider": "provider[\"registry.terraform.io/hashicorp/random\"]",
      "instances": [
        {
          "schema_version": 0,
          "attributes": {
            "b64_std": "Mj7GNEwP",
            "b64_url": "Mj7GNEwP",
            "byte_length": 6,
            "dec": "55245194677263",
            "hex": "323ec6344c0f",
            "id": "Mj7GNEwP",
            "keepers": null,
            "prefix": null
          },
          "sensitive_attributes": []
        }
      ]
    }
  ],
  "check_results": null
}
